
Microsoft Visual Studio Solution File, Format Version 12.00
# Visual Studio Version 17
VisualStudioVersion = 17.9.34701.34
MinimumVisualStudioVersion = 10.0.40219.1
Project("{FAE04EC0-301F-11D3-BF4B-00C04F79EFBC}") = "Hangman", "Hangman.csproj", "{BD11A60E-4BB5-4A66-B7C5-961C55BCB04A}"
EndProject
Global
	GlobalSection(SolutionConfigurationPlatforms) = preSolution
		Debug|Any CPU = Debug|Any CPU
		Release|Any CPU = Release|Any CPU
	EndGlobalSection
	GlobalSection(ProjectConfigurationPlatforms) = postSolution
		{BD11A60E-4BB5-4A66-B7C5-961C55BCB04A}.Debug|Any CPU.ActiveCfg = Debug|Any CPU
		{BD11A60E-4BB5-4A66-B7C5-961C55BCB04A}.Debug|Any CPU.Build.0 = Debug|Any CPU
		{BD11A60E-4BB5-4A66-B7C5-961C55BCB04A}.Release|Any CPU.ActiveCfg = Release|Any CPU
		{BD11A60E-4BB5-4A66-B7C5-961C55BCB04A}.Release|Any CPU.Build.0 = Release|Any CPU
	EndGlobalSection
	GlobalSection(SolutionProperties) = preSolution
		HideSolutionNode = FALSE
	EndGlobalSection
	GlobalSection(ExtensibilityGlobals) = postSolution
		SolutionGuid = {E4442744-4A55-436A-AC3C-2AFD130B02EB}
	EndGlobalSection
EndGlobal
